
Microsoft Visual Studio Solution File, Format Version 12.00
# Visual Studio Version 16
VisualStudioVersion = 16.0.31205.134
MinimumVisualStudioVersion = 10.0.40219.1
Project("{FAE04EC0-301F-11D3-BF4B-00C04F79EFBC}") = "PL", "PL.csproj", "{F9E30E24-7928-4941-AEFF-616F82974AAE}"
EndProject
Project("{FAE04EC0-301F-11D3-BF4B-00C04F79EFBC}") = "BL", "..\PracticeBL\BL.csproj", "{9A3EA9F2-789C-4F80-A795-306CE6885670}"
EndProject
Project("{FAE04EC0-301F-11D3-BF4B-00C04F79EFBC}") = "DAL", "..\DAL\DAL.csproj", "{EF5D1208-DBAC-40A0-BA7E-CC7C942CDC36}"
EndProject
Project("{FAE04EC0-301F-11D3-BF4B-00C04F79EFBC}") = "FootballEntities", "..\FootballEntities\FootballEntities.csproj", "{DE99BAF2-F048-4FD7-8690-167975365FC0}"
EndProject
Global
	GlobalSection(SolutionConfigurationPlatforms) = preSolution
		Debug|Any CPU = Debug|Any CPU
		Release|Any CPU = Release|Any CPU
	EndGlobalSection
	GlobalSection(ProjectConfigurationPlatforms) = postSolution
		{F9E30E24-7928-4941-AEFF-616F82974AAE}.Debug|Any CPU.ActiveCfg = Debug|Any CPU
		{F9E30E24-7928-4941-AEFF-616F82974AAE}.Debug|Any CPU.Build.0 = Debug|Any CPU
		{F9E30E24-7928-4941-AEFF-616F82974AAE}.Release|Any CPU.ActiveCfg = Release|Any CPU
		{F9E30E24-7928-4941-AEFF-616F82974AAE}.Release|Any CPU.Build.0 = Release|Any CPU
		{9A3EA9F2-789C-4F80-A795-306CE6885670}.Debug|Any CPU.ActiveCfg = Debug|Any CPU
		{9A3EA9F2-789C-4F80-A795-306CE6885670}.Debug|Any CPU.Build.0 = Debug|Any CPU
		{9A3EA9F2-789C-4F80-A795-306CE6885670}.Release|Any CPU.ActiveCfg = Release|Any CPU
		{9A3EA9F2-789C-4F80-A795-306CE6885670}.Release|Any CPU.Build.0 = Release|Any CPU
		{EF5D1208-DBAC-40A0-BA7E-CC7C942CDC36}.Debug|Any CPU.ActiveCfg = Debug|Any CPU
		{EF5D1208-DBAC-40A0-BA7E-CC7C942CDC36}.Debug|Any CPU.Build.0 = Debug|Any CPU
		{EF5D1208-DBAC-40A0-BA7E-CC7C942CDC36}.Release|Any CPU.ActiveCfg = Release|Any CPU
		{EF5D1208-DBAC-40A0-BA7E-CC7C942CDC36}.Release|Any CPU.Build.0 = Release|Any CPU
		{DE99BAF2-F048-4FD7-8690-167975365FC0}.Debug|Any CPU.ActiveCfg = Debug|Any CPU
		{DE99BAF2-F048-4FD7-8690-167975365FC0}.Debug|Any CPU.Build.0 = Debug|Any CPU
		{DE99BAF2-F048-4FD7-8690-167975365FC0}.Release|Any CPU.ActiveCfg = Release|Any CPU
		{DE99BAF2-F048-4FD7-8690-167975365FC0}.Release|Any CPU.Build.0 = Release|Any CPU
	EndGlobalSection
	GlobalSection(SolutionProperties) = preSolution
		HideSolutionNode = FALSE
	EndGlobalSection
	GlobalSection(ExtensibilityGlobals) = postSolution
		SolutionGuid = {BEF482BF-15C0-4FAE-9F42-E7D1D6921D81}
	EndGlobalSection
EndGlobal
